
Microsoft Visual Studio Solution File, Format Version 12.00
# Visual Studio Version 16
VisualStudioVersion = 16.0.30804.86
MinimumVisualStudioVersion = 10.0.40219.1
Project("{FAE04EC0-301F-11D3-BF4B-00C04F79EFBC}") = "MyShoppingAppBackend", "MyShoppingAppBackend\MyShoppingAppBackend.csproj", "{5CD838F5-4200-4601-9F51-DC627B3D8494}"
EndProject
Global
	GlobalSection(SolutionConfigurationPlatforms) = preSolution
		Debug|Any CPU = Debug|Any CPU
		Release|Any CPU = Release|Any CPU
	EndGlobalSection
	GlobalSection(ProjectConfigurationPlatforms) = postSolution
		{5CD838F5-4200-4601-9F51-DC627B3D8494}.Debug|Any CPU.ActiveCfg = Debug|Any CPU
		{5CD838F5-4200-4601-9F51-DC627B3D8494}.Debug|Any CPU.Build.0 = Debug|Any CPU
		{5CD838F5-4200-4601-9F51-DC627B3D8494}.Release|Any CPU.ActiveCfg = Release|Any CPU
		{5CD838F5-4200-4601-9F51-DC627B3D8494}.Release|Any CPU.Build.0 = Release|Any CPU
	EndGlobalSection
	GlobalSection(SolutionProperties) = preSolution
		HideSolutionNode = FALSE
	EndGlobalSection
	GlobalSection(ExtensibilityGlobals) = postSolution
		SolutionGuid = {8307FE26-4B0F-4237-A4BF-7BAD89914BF8}
	EndGlobalSection
EndGlobal
